// !$*UTF8*$!
{
	archiveVersion = 1;
	classes = {
	};
	objectVersion = 46;
	objects = {

/* Begin PBXBuildFile section */
		2462CD081AAAAC4200AF25A2 /* main.m in Sources */ = {isa = PBXBuildFile; fileRef = 2462CD071AAAAC4200AF25A2 /* main.m */; };
		2462CD0B1AAAAC4200AF25A2 /* AppDelegate.m in Sources */ = {isa = PBXBuildFile; fileRef = 2462CD0A1AAAAC4200AF25A2 /* AppDelegate.m */; };
		2462CD0E1AAAAC4200AF25A2 /* FirstViewController.m in Sources */ = {isa = PBXBuildFile; fileRef = 2462CD0D1AAAAC4200AF25A2 /* FirstViewController.m */; };
		2462CD111AAAAC4200AF25A2 /* SecondViewController.m in Sources */ = {isa = PBXBuildFile; fileRef = 2462CD101AAAAC4200AF25A2 /* SecondViewController.m */; };
		2462CD141AAAAC4200AF25A2 /* Main.storyboard in Resources */ = {isa = PBXBuildFile; fileRef = 2462CD121AAAAC4200AF25A2 /* Main.storyboard */; };
		2462CD161AAAAC4200AF25A2 /* Images.xcassets in Resources */ = {isa = PBXBuildFile; fileRef = 2462CD151AAAAC4200AF25A2 /* Images.xcassets */; };
		2462CD191AAAAC4200AF25A2 /* LaunchScreen.xib in Resources */ = {isa = PBXBuildFile; fileRef = 2462CD171AAAAC4200AF25A2 /* LaunchScreen.xib */; };
		2462CD251AAAAC4200AF25A2 /* mikanTestAppTests.m in Sources */ = {isa = PBXBuildFile; fileRef = 2462CD241AAAAC4200AF25A2 /* mikanTestAppTests.m */; };
/* End PBXBuildFile section */

/* Begin PBXContainerItemProxy section */
		2462CD1F1AAAAC4200AF25A2 /* PBXContainerItemProxy */ = {
			isa = PBXContainerItemProxy;
			containerPortal = 2462CCFA1AAAAC4200AF25A2 /* Project object */;
			proxyType = 1;
			remoteGlobalIDString = 2462CD011AAAAC4200AF25A2;
			remoteInfo = mikanTestApp;
		};
/* End PBXContainerItemProxy section */

/* Begin PBXFileReference section */
		2462CD021AAAAC4200AF25A2 /* mikanTestApp.app */ = {isa = PBXFileReference; explicitFileType = wrapper.application; includeInIndex = 0; path = mikanTestApp.app; sourceTree = BUILT_PRODUCTS_DIR; };
		2462CD061AAAAC4200AF25A2 /* Info.plist */ = {isa = PBXFileReference; lastKnownFileType = text.plist.xml; path = Info.plist; sourceTree = "<group>"; };
		2462CD071AAAAC4200AF25A2 /* main.m */ = {isa = PBXFileReference; lastKnownFileType = sourcecode.c.objc; path = main.m; sourceTree = "<group>"; };
		2462CD091AAAAC4200AF25A2 /* AppDelegate.h */ = {isa = PBXFileReference; lastKnownFileType = sourcecode.c.h; path = AppDelegate.h; sourceTree = "<group>"; };
		2462CD0A1AAAAC4200AF25A2 /* AppDelegate.m */ = {isa = PBXFileReference; lastKnownFileType = sourcecode.c.objc; path = AppDelegate.m; sourceTree = "<group>"; };
		2462CD0C1AAAAC4200AF25A2 /* FirstViewController.h */ = {isa = PBXFileReference; lastKnownFileType = sourcecode.c.h; path = FirstViewController.h; sourceTree = "<group>"; };
		2462CD0D1AAAAC4200AF25A2 /* FirstViewController.m */ = {isa = PBXFileReference; lastKnownFileType = sourcecode.c.objc; path = FirstViewController.m; sourceTree = "<group>"; };
		2462CD0F1AAAAC4200AF25A2 /* SecondViewController.h */ = {isa = PBXFileReference; lastKnownFileType = sourcecode.c.h; path = SecondViewController.h; sourceTree = "<group>"; };
		2462CD101AAAAC4200AF25A2 /* SecondViewController.m */ = {isa = PBXFileReference; lastKnownFileType = sourcecode.c.objc; path = SecondViewController.m; sourceTree = "<group>"; };
		2462CD131AAAAC4200AF25A2 /* Base */ = {isa = PBXFileReference; lastKnownFileType = file.storyboard; name = Base; path = Base.lproj/Main.storyboard; sourceTree = "<group>"; };
		2462CD151AAAAC4200AF25A2 /* Images.xcassets */ = {isa = PBXFileReference; lastKnownFileType = folder.assetcatalog; path = Images.xcassets; sourceTree = "<group>"; };
		2462CD181AAAAC4200AF25A2 /* Base */ = {isa = PBXFileReference; lastKnownFileType = file.xib; name = Base; path = Base.lproj/LaunchScreen.xib; sourceTree = "<group>"; };
		2462CD1E1AAAAC4200AF25A2 /* mikanTestAppTests.xctest */ = {isa = PBXFileReference; explicitFileType = wrapper.cfbundle; includeInIndex = 0; path = mikanTestAppTests.xctest; sourceTree = BUILT_PRODUCTS_DIR; };
		2462CD231AAAAC4200AF25A2 /* Info.plist */ = {isa = PBXFileReference; lastKnownFileType = text.plist.xml; path = Info.plist; sourceTree = "<group>"; };
		2462CD241AAAAC4200AF25A2 /* mikanTestAppTests.m */ = {isa = PBXFileReference; lastKnownFileType = sourcecode.c.objc; path = mikanTestAppTests.m; sourceTree = "<group>"; };
/* End PBXFileReference section */

/* Begin PBXFrameworksBuildPhase section */
		2462CCFF1AAAAC4200AF25A2 /* Frameworks */ = {
			isa = PBXFrameworksBuildPhase;
			buildActionMask = 2147483647;
			files = (
			);
			runOnlyForDeploymentPostprocessing = 0;
		};
		2462CD1B1AAAAC4200AF25A2 /* Frameworks */ = {
			isa = PBXFrameworksBuildPhase;
			buildActionMask = 2147483647;
			files = (
			);
			runOnlyForDeploymentPostprocessing = 0;
		};
/* End PBXFrameworksBuildPhase section */

/* Begin PBXGroup section */
		2462CCF91AAAAC4200AF25A2 = {
			isa = PBXGroup;
			children = (
				2462CD041AAAAC4200AF25A2 /* mikanTestApp */,
				2462CD211AAAAC4200AF25A2 /* mikanTestAppTests */,
				2462CD031AAAAC4200AF25A2 /* Products */,
			);
			sourceTree = "<group>";
		};
		2462CD031AAAAC4200AF25A2 /* Products */ = {
			isa = PBXGroup;
			children = (
				2462CD021AAAAC4200AF25A2 /* mikanTestApp.app */,
				2462CD1E1AAAAC4200AF25A2 /* mikanTestAppTests.xctest */,
			);
			name = Products;
			sourceTree = "<group>";
		};
		2462CD041AAAAC4200AF25A2 /* mikanTestApp */ = {
			isa = PBXGroup;
			children = (
				2462CD091AAAAC4200AF25A2 /* AppDelegate.h */,
				2462CD0A1AAAAC4200AF25A2 /* AppDelegate.m */,
				2462CD0C1AAAAC4200AF25A2 /* FirstViewController.h */,
				2462CD0D1AAAAC4200AF25A2 /* FirstViewController.m */,
				2462CD0F1AAAAC4200AF25A2 /* SecondViewController.h */,
				2462CD101AAAAC4200AF25A2 /* SecondViewController.m */,
				2462CD121AAAAC4200AF25A2 /* Main.storyboard */,
				2462CD151AAAAC4200AF25A2 /* Images.xcassets */,
				2462CD171AAAAC4200AF25A2 /* LaunchScreen.xib */,
				2462CD051AAAAC4200AF25A2 /* Supporting Files */,
			);
			path = mikanTestApp;
			sourceTree = "<group>";
		};
		2462CD051AAAAC4200AF25A2 /* Supporting Files */ = {
			isa = PBXGroup;
			children = (
				2462CD061AAAAC4200AF25A2 /* Info.plist */,
				2462CD071AAAAC4200AF25A2 /* main.m */,
			);
			name = "Supporting Files";
			sourceTree = "<group>";
		};
		2462CD211AAAAC4200AF25A2 /* mikanTestAppTests */ = {
			isa = PBXGroup;
			children = (
				2462CD241AAAAC4200AF25A2 /* mikanTestAppTests.m */,
				2462CD221AAAAC4200AF25A2 /* Supporting Files */,
			);
			path = mikanTestAppTests;
			sourceTree = "<group>";
		};
		2462CD221AAAAC4200AF25A2 /* Supporting Files */ = {
			isa = PBXGroup;
			children = (
				2462CD231AAAAC4200AF25A2 /* Info.plist */,
			);
			name = "Supporting Files";
			sourceTree = "<group>";
		};
/* End PBXGroup section */

/* Begin PBXNativeTarget section */
		2462CD011AAAAC4200AF25A2 /* mikanTestApp */ = {
			isa = PBXNativeTarget;
			buildConfigurationList = 2462CD281AAAAC4200AF25A2 /* Build configuration list for PBXNativeTarget "mikanTestApp" */;
			buildPhases = (
				2462CCFE1AAAAC4200AF25A2 /* Sources */,
				2462CCFF1AAAAC4200AF25A2 /* Frameworks */,
				2462CD001AAAAC4200AF25A2 /* Resources */,
			);
			buildRules = (
			);
			dependencies = (
			);
			name = mikanTestApp;
			productName = mikanTestApp;
			productReference = 2462CD021AAAAC4200AF25A2 /* mikanTestApp.app */;
			productType = "com.apple.product-type.application";
		};
		2462CD1D1AAAAC4200AF25A2 /* mikanTestAppTests */ = {
			isa = PBXNativeTarget;
			buildConfigurationList = 2462CD2B1AAAAC4200AF25A2 /* Build configuration list for PBXNativeTarget "mikanTestAppTests" */;
			buildPhases = (
				2462CD1A1AAAAC4200AF25A2 /* Sources */,
				2462CD1B1AAAAC4200AF25A2 /* Frameworks */,
				2462CD1C1AAAAC4200AF25A2 /* Resources */,
			);
			buildRules = (
			);
			dependencies = (
				2462CD201AAAAC4200AF25A2 /* PBXTargetDependency */,
			);
			name = mikanTestAppTests;
			productName = mikanTestAppTests;
			productReference = 2462CD1E1AAAAC4200AF25A2 /* mikanTestAppTests.xctest */;
			productType = "com.apple.product-type.bundle.unit-test";
		};
/* End PBXNativeTarget section */

/* Begin PBXProject section */
		2462CCFA1AAAAC4200AF25A2 /* Project object */ = {
			isa = PBXProject;
			attributes = {
				LastUpgradeCheck = 0610;
				ORGANIZATIONNAME = ShunUsami;
				TargetAttributes = {
					2462CD011AAAAC4200AF25A2 = {
						CreatedOnToolsVersion = 6.1.1;
					};
					2462CD1D1AAAAC4200AF25A2 = {
						CreatedOnToolsVersion = 6.1.1;
						TestTargetID = 2462CD011AAAAC4200AF25A2;
					};
				};
			};
			buildConfigurationList = 2462CCFD1AAAAC4200AF25A2 /* Build configuration list for PBXProject "mikanTestApp" */;
			compatibilityVersion = "Xcode 3.2";
			developmentRegion = English;
			hasScannedForEncodings = 0;
			knownRegions = (
				en,
				Base,
			);
			mainGroup = 2462CCF91AAAAC4200AF25A2;
			productRefGroup = 2462CD031AAAAC4200AF25A2 /* Products */;
			projectDirPath = "";
			projectRoot = "";
			targets = (
				2462CD011AAAAC4200AF25A2 /* mikanTestApp */,
				2462CD1D1AAAAC4200AF25A2 /* mikanTestAppTests */,
			);
		};
/* End PBXProject section */

/* Begin PBXResourcesBuildPhase section */
		2462CD001AAAAC4200AF25A2 /* Resources */ = {
			isa = PBXResourcesBuildPhase;
			buildActionMask = 2147483647;
			files = (
				2462CD141AAAAC4200AF25A2 /* Main.storyboard in Resources */,
				2462CD191AAAAC4200AF25A2 /* LaunchScreen.xib in Resources */,
				2462CD161AAAAC4200AF25A2 /* Images.xcassets in Resources */,
			);
			runOnlyForDeploymentPostprocessing = 0;
		};
		2462CD1C1AAAAC4200AF25A2 /* Resources */ = {
			isa = PBXResourcesBuildPhase;
			buildActionMask = 2147483647;
			files = (
			);
			runOnlyForDeploymentPostprocessing = 0;
		};
/* End PBXResourcesBuildPhase section */

/* Begin PBXSourcesBuildPhase section */
		2462CCFE1AAAAC4200AF25A2 /* Sources */ = {
			isa = PBXSourcesBuildPhase;
			buildActionMask = 2147483647;
			files = (
				2462CD111AAAAC4200AF25A2 /* SecondViewController.m in Sources */,
				2462CD0B1AAAAC4200AF25A2 /* AppDelegate.m in Sources */,
				2462CD0E1AAAAC4200AF25A2 /* FirstViewController.m in Sources */,
				2462CD081AAAAC4200AF25A2 /* main.m in Sources */,
			);
			runOnlyForDeploymentPostprocessing = 0;
		};
		2462CD1A1AAAAC4200AF25A2 /* Sources */ = {
			isa = PBXSourcesBuildPhase;
			buildActionMask = 2147483647;
			files = (
				2462CD251AAAAC4200AF25A2 /* mikanTestAppTests.m in Sources */,
			);
			runOnlyForDeploymentPostprocessing = 0;
		};
/* End PBXSourcesBuildPhase section */

/* Begin PBXTargetDependency section */
		2462CD201AAAAC4200AF25A2 /* PBXTargetDependency */ = {
			isa = PBXTargetDependency;
			target = 2462CD011AAAAC4200AF25A2 /* mikanTestApp */;
			targetProxy = 2462CD1F1AAAAC4200AF25A2 /* PBXContainerItemProxy */;
		};
/* End PBXTargetDependency section */

/* Begin PBXVariantGroup section */
		2462CD121AAAAC4200AF25A2 /* Main.storyboard */ = {
			isa = PBXVariantGroup;
			children = (
				2462CD131AAAAC4200AF25A2 /* Base */,
			);
			name = Main.storyboard;
			sourceTree = "<group>";
		};
		2462CD171AAAAC4200AF25A2 /* LaunchScreen.xib */ = {
			isa = PBXVariantGroup;
			children = (
				2462CD181AAAAC4200AF25A2 /* Base */,
			);
			name = LaunchScreen.xib;
			sourceTree = "<group>";
		};
/* End PBXVariantGroup section */

/* Begin XCBuildConfiguration section */
		2462CD261AAAAC4200AF25A2 /* Debug */ = {
			isa = XCBuildConfiguration;
			buildSettings = {
				ALWAYS_SEARCH_USER_PATHS = NO;
				CLANG_CXX_LANGUAGE_STANDARD = "gnu++0x";
				CLANG_CXX_LIBRARY = "libc++";
				CLANG_ENABLE_MODULES = YES;
				CLANG_ENABLE_OBJC_ARC = YES;
				CLANG_WARN_BOOL_CONVERSION = YES;
				CLANG_WARN_CONSTANT_CONVERSION = YES;
				CLANG_WARN_DIRECT_OBJC_ISA_USAGE = YES_ERROR;
				CLANG_WARN_EMPTY_BODY = YES;
				CLANG_WARN_ENUM_CONVERSION = YES;
				CLANG_WARN_INT_CONVERSION = YES;
				CLANG_WARN_OBJC_ROOT_CLASS = YES_ERROR;
				CLANG_WARN_UNREACHABLE_CODE = YES;
				CLANG_WARN__DUPLICATE_METHOD_MATCH = YES;
				"CODE_SIGN_IDENTITY[sdk=iphoneos*]" = "iPhone Developer";
				COPY_PHASE_STRIP = NO;
				ENABLE_STRICT_OBJC_MSGSEND = YES;
				GCC_C_LANGUAGE_STANDARD = gnu99;
				GCC_DYNAMIC_NO_PIC = NO;
				GCC_OPTIMIZATION_LEVEL = 0;
				GCC_PREPROCESSOR_DEFINITIONS = (
					"DEBUG=1",
					"$(inherited)",
				);
				GCC_SYMBOLS_PRIVATE_EXTERN = NO;
				GCC_WARN_64_TO_32_BIT_CONVERSION = YES;
				GCC_WARN_ABOUT_RETURN_TYPE = YES_ERROR;
				GCC_WARN_UNDECLARED_SELECTOR = YES;
				GCC_WARN_UNINITIALIZED_AUTOS = YES_AGGRESSIVE;
				GCC_WARN_UNUSED_FUNCTION = YES;
				GCC_WARN_UNUSED_VARIABLE = YES;
				IPHONEOS_DEPLOYMENT_TARGET = 8.1;
				MTL_ENABLE_DEBUG_INFO = YES;
				ONLY_ACTIVE_ARCH = YES;
				SDKROOT = iphoneos;
			};
			name = Debug;
		};
		2462CD271AAAAC4200AF25A2 /* Release */ = {
			isa = XCBuildConfiguration;
			buildSettings = {
				ALWAYS_SEARCH_USER_PATHS = NO;
				CLANG_CXX_LANGUAGE_STANDARD = "gnu++0x";
				CLANG_CXX_LIBRARY = "libc++";
				CLANG_ENABLE_MODULES = YES;
				CLANG_ENABLE_OBJC_ARC = YES;
				CLANG_WARN_BOOL_CONVERSION = YES;
				CLANG_WARN_CONSTANT_CONVERSION = YES;
				CLANG_WARN_DIRECT_OBJC_ISA_USAGE = YES_ERROR;
				CLANG_WARN_EMPTY_BODY = YES;
				CLANG_WARN_ENUM_CONVERSION = YES;
				CLANG_WARN_INT_CONVERSION = YES;
				CLANG_WARN_OBJC_ROOT_CLASS = YES_ERROR;
				CLANG_WARN_UNREACHABLE_CODE = YES;
				CLANG_WARN__DUPLICATE_METHOD_MATCH = YES;
				"CODE_SIGN_IDENTITY[sdk=iphoneos*]" = "iPhone Developer";
				COPY_PHASE_STRIP = YES;
				ENABLE_NS_ASSERTIONS = NO;
				ENABLE_STRICT_OBJC_MSGSEND = YES;
				GCC_C_LANGUAGE_STANDARD = gnu99;
				GCC_WARN_64_TO_32_BIT_CONVERSION = YES;
				GCC_WARN_ABOUT_RETURN_TYPE = YES_ERROR;
				GCC_WARN_UNDECLARED_SELECTOR = YES;
				GCC_WARN_UNINITIALIZED_AUTOS = YES_AGGRESSIVE;
				GCC_WARN_UNUSED_FUNCTION = YES;
				GCC_WARN_UNUSED_VARIABLE = YES;
				IPHONEOS_DEPLOYMENT_TARGET = 8.1;
				MTL_ENABLE_DEBUG_INFO = NO;
				SDKROOT = iphoneos;
				VALIDATE_PRODUCT = YES;
			};
			name = Release;
		};
		2462CD291AAAAC4200AF25A2 /* Debug */ = {
			isa = XCBuildConfiguration;
			buildSettings = {
				ASSETCATALOG_COMPILER_APPICON_NAME = AppIcon;
				INFOPLIST_FILE = mikanTestApp/Info.plist;
				LD_RUNPATH_SEARCH_PATHS = "$(inherited) @executable_path/Frameworks";
				PRODUCT_NAME = "$(TARGET_NAME)";
			};
			name = Debug;
		};
		2462CD2A1AAAAC4200AF25A2 /* Release */ = {
			isa = XCBuildConfiguration;
			buildSettings = {
				ASSETCATALOG_COMPILER_APPICON_NAME = AppIcon;
				INFOPLIST_FILE = mikanTestApp/Info.plist;
				LD_RUNPATH_SEARCH_PATHS = "$(inherited) @executable_path/Frameworks";
				PRODUCT_NAME = "$(TARGET_NAME)";
			};
			name = Release;
		};
		2462CD2C1AAAAC4200AF25A2 /* Debug */ = {
			isa = XCBuildConfiguration;
			buildSettings = {
				BUNDLE_LOADER = "$(TEST_HOST)";
				FRAMEWORK_SEARCH_PATHS = (
					"$(SDKROOT)/Developer/Library/Frameworks",
					"$(inherited)",
				);
				GCC_PREPROCESSOR_DEFINITIONS = (
					"DEBUG=1",
					"$(inherited)",
				);
				INFOPLIST_FILE = mikanTestAppTests/Info.plist;
				LD_RUNPATH_SEARCH_PATHS = "$(inherited) @executable_path/Frameworks @loader_path/Frameworks";
				PRODUCT_NAME = "$(TARGET_NAME)";
				TEST_HOST = "$(BUILT_PRODUCTS_DIR)/mikanTestApp.app/mikanTestApp";
			};
			name = Debug;
		};
		2462CD2D1AAAAC4200AF25A2 /* Release */ = {
			isa = XCBuildConfiguration;
			buildSettings = {
				BUNDLE_LOADER = "$(TEST_HOST)";
				FRAMEWORK_SEARCH_PATHS = (
					"$(SDKROOT)/Developer/Library/Frameworks",
					"$(inherited)",
				);
				INFOPLIST_FILE = mikanTestAppTests/Info.plist;
				LD_RUNPATH_SEARCH_PATHS = "$(inherited) @executable_path/Frameworks @loader_path/Frameworks";
				PRODUCT_NAME = "$(TARGET_NAME)";
				TEST_HOST = "$(BUILT_PRODUCTS_DIR)/mikanTestApp.app/mikanTestApp";
			};
			name = Release;
		};
/* End XCBuildConfiguration section */

/* Begin XCConfigurationList section */
		2462CCFD1AAAAC4200AF25A2 /* Build configuration list for PBXProject "mikanTestApp" */ = {
			isa = XCConfigurationList;
			buildConfigurations = (
				2462CD261AAAAC4200AF25A2 /* Debug */,
				2462CD271AAAAC4200AF25A2 /* Release */,
			);
			defaultConfigurationIsVisible = 0;
			defaultConfigurationName = Release;
		};
		2462CD281AAAAC4200AF25A2 /* Build configuration list for PBXNativeTarget "mikanTestApp" */ = {
			isa = XCConfigurationList;
			buildConfigurations = (
				2462CD291AAAAC4200AF25A2 /* Debug */,
				2462CD2A1AAAAC4200AF25A2 /* Release */,
			);
			defaultConfigurationIsVisible = 0;
		};
		2462CD2B1AAAAC4200AF25A2 /* Build configuration list for PBXNativeTarget "mikanTestAppTests" */ = {
			isa = XCConfigurationList;
			buildConfigurations = (
				2462CD2C1AAAAC4200AF25A2 /* Debug */,
				2462CD2D1AAAAC4200AF25A2 /* Release */,
			);
			defaultConfigurationIsVisible = 0;
		};
/* End XCConfigurationList section */
	};
	rootObject = 2462CCFA1AAAAC4200AF25A2 /* Project object */;
}
